
Microsoft Visual Studio Solution File, Format Version 12.00
# Visual Studio Version 16
VisualStudioVersion = 16.0.29009.5
MinimumVisualStudioVersion = 10.0.40219.1
Project("{F2A71F9B-5D33-465A-A702-920D77279786}") = "FSMadTools", "FSMadTools.fsproj", "{4DEAE1BD-46E4-4B7E-8732-0C2F72B1E881}"
EndProject
Global
	GlobalSection(SolutionConfigurationPlatforms) = preSolution
		Debug|Any CPU = Debug|Any CPU
		Release|Any CPU = Release|Any CPU
	EndGlobalSection
	GlobalSection(ProjectConfigurationPlatforms) = postSolution
		{4DEAE1BD-46E4-4B7E-8732-0C2F72B1E881}.Debug|Any CPU.ActiveCfg = Debug|Any CPU
		{4DEAE1BD-46E4-4B7E-8732-0C2F72B1E881}.Debug|Any CPU.Build.0 = Debug|Any CPU
		{4DEAE1BD-46E4-4B7E-8732-0C2F72B1E881}.Release|Any CPU.ActiveCfg = Release|Any CPU
		{4DEAE1BD-46E4-4B7E-8732-0C2F72B1E881}.Release|Any CPU.Build.0 = Release|Any CPU
	EndGlobalSection
	GlobalSection(SolutionProperties) = preSolution
		HideSolutionNode = FALSE
	EndGlobalSection
	GlobalSection(ExtensibilityGlobals) = postSolution
		SolutionGuid = {8B3C82A5-DE73-49D5-A529-E4EE38152437}
	EndGlobalSection
EndGlobal
